// !$*UTF8*$!
{
	archiveVersion = 1;
	classes = {
	};
	objectVersion = 56;
	objects = {

/* Begin PBXBuildFile section */
		0F9802143AA43DCAE6DD5FBC /* MessagesViewController.swift in Sources */ = {isa = PBXBuildFile; fileRef = 439B5F2C43834DB85C91A1D5 /* MessagesViewController.swift */; };
		12060C05C11BB15277D002C3 /* Models.swift in Sources */ = {isa = PBXBuildFile; fileRef = A1000000000000000000004 /* Models.swift */; };
		2D591FFE4A943312E6CBB089 /* RichCardViews.swift in Sources */ = {isa = PBXBuildFile; fileRef = 90D7C4DD6FA5B33837F6623E /* RichCardViews.swift */; };
		3190F30F97EA5FDA0948D1CD /* WanderbotMessages.appex in Embed App Extensions */ = {isa = PBXBuildFile; fileRef = 2FF1B60501B8E121AD6F6BEF /* WanderbotMessages.appex */; settings = {ATTRIBUTES = (RemoveHeadersOnCopy, ); }; };
		6C358E06453041227111399E /* Foundation.framework in Frameworks */ = {isa = PBXBuildFile; fileRef = 7E14B10E91697583F127C47B /* Foundation.framework */; };
		A1000010000000000000001 /* WanderbotApp.swift in Sources */ = {isa = PBXBuildFile; fileRef = A1000000000000000000001 /* WanderbotApp.swift */; };
		A1000010000000000000002 /* RootView.swift in Sources */ = {isa = PBXBuildFile; fileRef = A1000000000000000000002 /* RootView.swift */; };
		A1000010000000000000003 /* Theme.swift in Sources */ = {isa = PBXBuildFile; fileRef = A1000000000000000000003 /* Theme.swift */; };
		A1000010000000000000004 /* Models.swift in Sources */ = {isa = PBXBuildFile; fileRef = A1000000000000000000004 /* Models.swift */; };
		A1000010000000000000005 /* TravelStore.swift in Sources */ = {isa = PBXBuildFile; fileRef = A1000000000000000000005 /* TravelStore.swift */; };
		A1000010000000000000006 /* SampleData.swift in Sources */ = {isa = PBXBuildFile; fileRef = A1000000000000000000006 /* SampleData.swift */; };
		A1000010000000000000007 /* TopBarView.swift in Sources */ = {isa = PBXBuildFile; fileRef = A1000000000000000000007 /* TopBarView.swift */; };
		A1000010000000000000008 /* TripPagerView.swift in Sources */ = {isa = PBXBuildFile; fileRef = A1000000000000000000008 /* TripPagerView.swift */; };
		A1000010000000000000009 /* TripPageView.swift in Sources */ = {isa = PBXBuildFile; fileRef = A1000000000000000000009 /* TripPageView.swift */; };
		A100001000000000000000A /* TripMapView.swift in Sources */ = {isa = PBXBuildFile; fileRef = A100000000000000000000A /* TripMapView.swift */; };
		A100001000000000000000B /* ItineraryView.swift in Sources */ = {isa = PBXBuildFile; fileRef = A100000000000000000000B /* ItineraryView.swift */; };
		A100001000000000000000C /* BookingCardView.swift in Sources */ = {isa = PBXBuildFile; fileRef = A100000000000000000000C /* BookingCardView.swift */; };
		A100001000000000000000D /* BookingDetailSheet.swift in Sources */ = {isa = PBXBuildFile; fileRef = A100000000000000000000D /* BookingDetailSheet.swift */; };
		A100001000000000000000E /* ChatSheet.swift in Sources */ = {isa = PBXBuildFile; fileRef = A100000000000000000000E /* ChatSheet.swift */; };
		A100001000000000000000F /* SettingsSheet.swift in Sources */ = {isa = PBXBuildFile; fileRef = A100000000000000000000F /* SettingsSheet.swift */; };
		A1000010000000000000010 /* ConnectionsView.swift in Sources */ = {isa = PBXBuildFile; fileRef = A1000000000000000000010 /* ConnectionsView.swift */; };
		A1000010000000000000011 /* SettingsView.swift in Sources */ = {isa = PBXBuildFile; fileRef = A1000000000000000000011 /* SettingsView.swift */; };
		A1000010000000000000012 /* BookingType+UI.swift in Sources */ = {isa = PBXBuildFile; fileRef = A1000000000000000000012 /* BookingType+UI.swift */; };
		A1000010000000000000013 /* DateFormatters.swift in Sources */ = {isa = PBXBuildFile; fileRef = A1000000000000000000013 /* DateFormatters.swift */; };
		A1000010000000000000014 /* Assets.xcassets in Resources */ = {isa = PBXBuildFile; fileRef = A1000000000000000000014 /* Assets.xcassets */; };
		A1000010000000000000015 /* Preview Assets.xcassets in Resources */ = {isa = PBXBuildFile; fileRef = A1000000000000000000015 /* Preview Assets.xcassets */; };
		A1000010000000000000016 /* Config.swift in Sources */ = {isa = PBXBuildFile; fileRef = A1000000000000000000016 /* Config.swift */; };
		A1000010000000000000017 /* FirebaseRTDB.swift in Sources */ = {isa = PBXBuildFile; fileRef = A1000000000000000000017 /* FirebaseRTDB.swift */; };
		A1000010000000000000018 /* GatewayClient.swift in Sources */ = {isa = PBXBuildFile; fileRef = A1000000000000000000018 /* GatewayClient.swift */; };
		A1000010000000000000019 /* ChatStore.swift in Sources */ = {isa = PBXBuildFile; fileRef = A1000000000000000000019 /* ChatStore.swift */; };
		A100001000000000000001A /* FlightHeaderView.swift in Sources */ = {isa = PBXBuildFile; fileRef = A100000000000000000001A /* FlightHeaderView.swift */; };
		A100001000000000000001B /* AllTripsView.swift in Sources */ = {isa = PBXBuildFile; fileRef = A100000000000000000001B /* AllTripsView.swift */; };
		A100001000000000000001C /* MapDirections.swift in Sources */ = {isa = PBXBuildFile; fileRef = A100000000000000000001C /* MapDirections.swift */; };
		A100001000000000000001D /* DraggableBookingsList.swift in Sources */ = {isa = PBXBuildFile; fileRef = A100000000000000000001D /* DraggableBookingsList.swift */; };
		A100001000000000000001E /* AuthStore.swift in Sources */ = {isa = PBXBuildFile; fileRef = A100000000000000000001E /* AuthStore.swift */; };
		A100001000000000000001F /* SignInGateView.swift in Sources */ = {isa = PBXBuildFile; fileRef = A100000000000000000001F /* SignInGateView.swift */; };
		A1000010000000000000020 /* ConnectionsStore.swift in Sources */ = {isa = PBXBuildFile; fileRef = A1000000000000000000020 /* ConnectionsStore.swift */; };
		A1000010000000000000021 /* SyncService.swift in Sources */ = {isa = PBXBuildFile; fileRef = A1000000000000000000021 /* SyncService.swift */; };
		A1000010000000000000022 /* OpenClawSessionClient.swift in Sources */ = {isa = PBXBuildFile; fileRef = A1000000000000000000022 /* OpenClawSessionClient.swift */; };
		A1000010000000000000023 /* VoiceWebSocket.swift in Sources */ = {isa = PBXBuildFile; fileRef = A1000000000000000000023 /* VoiceWebSocket.swift */; };
		A1000010000000000000024 /* VoiceAudioEngine.swift in Sources */ = {isa = PBXBuildFile; fileRef = A1000000000000000000024 /* VoiceAudioEngine.swift */; };
		A1000010000000000000025 /* VoiceStore.swift in Sources */ = {isa = PBXBuildFile; fileRef = A1000000000000000000025 /* VoiceStore.swift */; };
		A1000010000000000000026 /* VoiceCallView.swift in Sources */ = {isa = PBXBuildFile; fileRef = A1000000000000000000026 /* VoiceCallView.swift */; };
		A1000010000000000000027 /* TripAgentTools.swift in Sources */ = {isa = PBXBuildFile; fileRef = A1000000000000000000027 /* TripAgentTools.swift */; };
		A1000010000000000000028 /* XAIChatClient.swift in Sources */ = {isa = PBXBuildFile; fileRef = A1000000000000000000028 /* XAIChatClient.swift */; };
		A1000010000000000000029 /* GmailConnector.swift in Sources */ = {isa = PBXBuildFile; fileRef = A1000000000000000000029 /* GmailConnector.swift */; };
		A1000010000000000000030 /* BrowserConnections.swift in Sources */ = {isa = PBXBuildFile; fileRef = A1000000000000000000030 /* BrowserConnections.swift */; };
		A1000010000000000000031 /* RemoteBrowserView.swift in Sources */ = {isa = PBXBuildFile; fileRef = A1000000000000000000031 /* RemoteBrowserView.swift */; };
		A1000010000000000000040 /* FirebaseAuthToken.swift in Sources */ = {isa = PBXBuildFile; fileRef = A1000000000000000000040 /* FirebaseAuthToken.swift */; };
		A1000010000000000000041 /* WebLoginView.swift in Sources */ = {isa = PBXBuildFile; fileRef = A1000000000000000000041 /* WebLoginView.swift */; };
		A5F1ED7763AC167376167EBA /* Assets.xcassets in Resources */ = {isa = PBXBuildFile; fileRef = 89819501C13F8CF7E6037BBB /* Assets.xcassets */; };
		BCCD877B09C3D8968CDB1080 /* TripData.swift in Sources */ = {isa = PBXBuildFile; fileRef = 24143884FF3F3F0CEDC15433 /* TripData.swift */; };
		DF7CA050C084B564A76AA9DD /* DateFormatters.swift in Sources */ = {isa = PBXBuildFile; fileRef = A1000000000000000000013 /* DateFormatters.swift */; };
		F1C6926F5DA3C12EED364E5B /* WanderbotCard.swift in Sources */ = {isa = PBXBuildFile; fileRef = BD5DA4C4A2CB38BC5257BA69 /* WanderbotCard.swift */; };
/* End PBXBuildFile section */

/* Begin PBXContainerItemProxy section */
		BD9717F67928ABF68BA13B53 /* PBXContainerItemProxy */ = {
			isa = PBXContainerItemProxy;
			containerPortal = A1000080000000000000000 /* Project object */;
			proxyType = 1;
			remoteGlobalIDString = 3C0EBE6471B20C113871CABF;
			remoteInfo = WanderbotMessages;
		};
/* End PBXContainerItemProxy section */

/* Begin PBXCopyFilesBuildPhase section */
		09291D0099792D393E2C3678 /* Embed App Extensions */ = {
			isa = PBXCopyFilesBuildPhase;
			buildActionMask = 2147483647;
			dstPath = "";
			dstSubfolderSpec = 13;
			files = (
				3190F30F97EA5FDA0948D1CD /* WanderbotMessages.appex in Embed App Extensions */,
			);
			name = "Embed App Extensions";
			runOnlyForDeploymentPostprocessing = 0;
		};
/* End PBXCopyFilesBuildPhase section */

/* Begin PBXFileReference section */
		24143884FF3F3F0CEDC15433 /* TripData.swift */ = {isa = PBXFileReference; includeInIndex = 1; lastKnownFileType = sourcecode.swift; path = TripData.swift; sourceTree = "<group>"; };
		2FF1B60501B8E121AD6F6BEF /* WanderbotMessages.appex */ = {isa = PBXFileReference; explicitFileType = "wrapper.app-extension"; includeInIndex = 0; path = WanderbotMessages.appex; sourceTree = BUILT_PRODUCTS_DIR; };
		439B5F2C43834DB85C91A1D5 /* MessagesViewController.swift */ = {isa = PBXFileReference; includeInIndex = 1; lastKnownFileType = sourcecode.swift; path = MessagesViewController.swift; sourceTree = "<group>"; };
		7ACB806CAB2D32BCC502154D /* Info.plist */ = {isa = PBXFileReference; includeInIndex = 1; lastKnownFileType = text.plist.xml; path = Info.plist; sourceTree = "<group>"; };
		7E14B10E91697583F127C47B /* Foundation.framework */ = {isa = PBXFileReference; lastKnownFileType = wrapper.framework; name = Foundation.framework; path = Platforms/iPhoneOS.platform/Developer/SDKs/iPhoneOS26.0.sdk/System/Library/Frameworks/Foundation.framework; sourceTree = DEVELOPER_DIR; };
		89819501C13F8CF7E6037BBB /* Assets.xcassets */ = {isa = PBXFileReference; includeInIndex = 1; lastKnownFileType = folder.assetcatalog; path = Assets.xcassets; sourceTree = "<group>"; };
		90D7C4DD6FA5B33837F6623E /* RichCardViews.swift */ = {isa = PBXFileReference; includeInIndex = 1; lastKnownFileType = sourcecode.swift; path = RichCardViews.swift; sourceTree = "<group>"; };
		A1000000000000000000000 /* Wanderbot.app */ = {isa = PBXFileReference; explicitFileType = wrapper.application; includeInIndex = 0; path = Wanderbot.app; sourceTree = BUILT_PRODUCTS_DIR; };
		A1000000000000000000001 /* WanderbotApp.swift */ = {isa = PBXFileReference; lastKnownFileType = sourcecode.swift; path = WanderbotApp.swift; sourceTree = "<group>"; };
		A1000000000000000000002 /* RootView.swift */ = {isa = PBXFileReference; lastKnownFileType = sourcecode.swift; path = RootView.swift; sourceTree = "<group>"; };
		A1000000000000000000003 /* Theme.swift */ = {isa = PBXFileReference; lastKnownFileType = sourcecode.swift; path = Theme.swift; sourceTree = "<group>"; };
		A1000000000000000000004 /* Models.swift */ = {isa = PBXFileReference; lastKnownFileType = sourcecode.swift; path = Models.swift; sourceTree = "<group>"; };
		A1000000000000000000005 /* TravelStore.swift */ = {isa = PBXFileReference; lastKnownFileType = sourcecode.swift; path = TravelStore.swift; sourceTree = "<group>"; };
		A1000000000000000000006 /* SampleData.swift */ = {isa = PBXFileReference; lastKnownFileType = sourcecode.swift; path = SampleData.swift; sourceTree = "<group>"; };
		A1000000000000000000007 /* TopBarView.swift */ = {isa = PBXFileReference; lastKnownFileType = sourcecode.swift; path = TopBarView.swift; sourceTree = "<group>"; };
		A1000000000000000000008 /* TripPagerView.swift */ = {isa = PBXFileReference; lastKnownFileType = sourcecode.swift; path = TripPagerView.swift; sourceTree = "<group>"; };
		A1000000000000000000009 /* TripPageView.swift */ = {isa = PBXFileReference; lastKnownFileType = sourcecode.swift; path = TripPageView.swift; sourceTree = "<group>"; };
		A100000000000000000000A /* TripMapView.swift */ = {isa = PBXFileReference; lastKnownFileType = sourcecode.swift; path = TripMapView.swift; sourceTree = "<group>"; };
		A100000000000000000000B /* ItineraryView.swift */ = {isa = PBXFileReference; lastKnownFileType = sourcecode.swift; path = ItineraryView.swift; sourceTree = "<group>"; };
		A100000000000000000000C /* BookingCardView.swift */ = {isa = PBXFileReference; lastKnownFileType = sourcecode.swift; path = BookingCardView.swift; sourceTree = "<group>"; };
		A100000000000000000000D /* BookingDetailSheet.swift */ = {isa = PBXFileReference; lastKnownFileType = sourcecode.swift; path = BookingDetailSheet.swift; sourceTree = "<group>"; };
		A100000000000000000000E /* ChatSheet.swift */ = {isa = PBXFileReference; lastKnownFileType = sourcecode.swift; path = ChatSheet.swift; sourceTree = "<group>"; };
		A100000000000000000000F /* SettingsSheet.swift */ = {isa = PBXFileReference; lastKnownFileType = sourcecode.swift; path = SettingsSheet.swift; sourceTree = "<group>"; };
		A1000000000000000000010 /* ConnectionsView.swift */ = {isa = PBXFileReference; lastKnownFileType = sourcecode.swift; path = ConnectionsView.swift; sourceTree = "<group>"; };
		A1000000000000000000011 /* SettingsView.swift */ = {isa = PBXFileReference; lastKnownFileType = sourcecode.swift; path = SettingsView.swift; sourceTree = "<group>"; };
		A1000000000000000000012 /* BookingType+UI.swift */ = {isa = PBXFileReference; lastKnownFileType = sourcecode.swift; path = "BookingType+UI.swift"; sourceTree = "<group>"; };
		A1000000000000000000013 /* DateFormatters.swift */ = {isa = PBXFileReference; lastKnownFileType = sourcecode.swift; path = DateFormatters.swift; sourceTree = "<group>"; };
		A1000000000000000000014 /* Assets.xcassets */ = {isa = PBXFileReference; lastKnownFileType = folder.assetcatalog; path = Assets.xcassets; sourceTree = "<group>"; };
		A1000000000000000000015 /* Preview Assets.xcassets */ = {isa = PBXFileReference; lastKnownFileType = folder.assetcatalog; path = "Preview Assets.xcassets"; sourceTree = "<group>"; };
		A1000000000000000000016 /* Config.swift */ = {isa = PBXFileReference; lastKnownFileType = sourcecode.swift; path = Config.swift; sourceTree = "<group>"; };
		A1000000000000000000017 /* FirebaseRTDB.swift */ = {isa = PBXFileReference; lastKnownFileType = sourcecode.swift; path = FirebaseRTDB.swift; sourceTree = "<group>"; };
		A1000000000000000000018 /* GatewayClient.swift */ = {isa = PBXFileReference; lastKnownFileType = sourcecode.swift; path = GatewayClient.swift; sourceTree = "<group>"; };
		A1000000000000000000019 /* ChatStore.swift */ = {isa = PBXFileReference; lastKnownFileType = sourcecode.swift; path = ChatStore.swift; sourceTree = "<group>"; };
		A100000000000000000001A /* FlightHeaderView.swift */ = {isa = PBXFileReference; lastKnownFileType = sourcecode.swift; path = FlightHeaderView.swift; sourceTree = "<group>"; };
		A100000000000000000001B /* AllTripsView.swift */ = {isa = PBXFileReference; lastKnownFileType = sourcecode.swift; path = AllTripsView.swift; sourceTree = "<group>"; };
		A100000000000000000001C /* MapDirections.swift */ = {isa = PBXFileReference; lastKnownFileType = sourcecode.swift; path = MapDirections.swift; sourceTree = "<group>"; };
		A100000000000000000001D /* DraggableBookingsList.swift */ = {isa = PBXFileReference; lastKnownFileType = sourcecode.swift; path = DraggableBookingsList.swift; sourceTree = "<group>"; };
		A100000000000000000001E /* AuthStore.swift */ = {isa = PBXFileReference; lastKnownFileType = sourcecode.swift; path = AuthStore.swift; sourceTree = "<group>"; };
		A100000000000000000001F /* SignInGateView.swift */ = {isa = PBXFileReference; lastKnownFileType = sourcecode.swift; path = SignInGateView.swift; sourceTree = "<group>"; };
		A1000000000000000000020 /* ConnectionsStore.swift */ = {isa = PBXFileReference; lastKnownFileType = sourcecode.swift; path = ConnectionsStore.swift; sourceTree = "<group>"; };
		A1000000000000000000021 /* SyncService.swift */ = {isa = PBXFileReference; lastKnownFileType = sourcecode.swift; path = SyncService.swift; sourceTree = "<group>"; };
		A1000000000000000000022 /* OpenClawSessionClient.swift */ = {isa = PBXFileReference; lastKnownFileType = sourcecode.swift; path = OpenClawSessionClient.swift; sourceTree = "<group>"; };
		A1000000000000000000023 /* VoiceWebSocket.swift */ = {isa = PBXFileReference; lastKnownFileType = sourcecode.swift; path = VoiceWebSocket.swift; sourceTree = "<group>"; };
		A1000000000000000000024 /* VoiceAudioEngine.swift */ = {isa = PBXFileReference; lastKnownFileType = sourcecode.swift; path = VoiceAudioEngine.swift; sourceTree = "<group>"; };
		A1000000000000000000025 /* VoiceStore.swift */ = {isa = PBXFileReference; lastKnownFileType = sourcecode.swift; path = VoiceStore.swift; sourceTree = "<group>"; };
		A1000000000000000000026 /* VoiceCallView.swift */ = {isa = PBXFileReference; lastKnownFileType = sourcecode.swift; path = VoiceCallView.swift; sourceTree = "<group>"; };
		A1000000000000000000027 /* TripAgentTools.swift */ = {isa = PBXFileReference; lastKnownFileType = sourcecode.swift; path = TripAgentTools.swift; sourceTree = "<group>"; };
		A1000000000000000000028 /* XAIChatClient.swift */ = {isa = PBXFileReference; lastKnownFileType = sourcecode.swift; path = XAIChatClient.swift; sourceTree = "<group>"; };
		A1000000000000000000029 /* GmailConnector.swift */ = {isa = PBXFileReference; lastKnownFileType = sourcecode.swift; path = GmailConnector.swift; sourceTree = "<group>"; };
		A1000000000000000000030 /* BrowserConnections.swift */ = {isa = PBXFileReference; lastKnownFileType = sourcecode.swift; path = BrowserConnections.swift; sourceTree = "<group>"; };
		A1000000000000000000031 /* RemoteBrowserView.swift */ = {isa = PBXFileReference; lastKnownFileType = sourcecode.swift; path = RemoteBrowserView.swift; sourceTree = "<group>"; };
		A1000000000000000000040 /* FirebaseAuthToken.swift */ = {isa = PBXFileReference; lastKnownFileType = sourcecode.swift; path = FirebaseAuthToken.swift; sourceTree = "<group>"; };
		A1000000000000000000041 /* WebLoginView.swift */ = {isa = PBXFileReference; lastKnownFileType = sourcecode.swift; path = WebLoginView.swift; sourceTree = "<group>"; };
		BD5DA4C4A2CB38BC5257BA69 /* WanderbotCard.swift */ = {isa = PBXFileReference; includeInIndex = 1; lastKnownFileType = sourcecode.swift; path = WanderbotCard.swift; sourceTree = "<group>"; };
/* End PBXFileReference section */

/* Begin PBXFrameworksBuildPhase section */
		A1000020000000000000000 /* Frameworks */ = {
			isa = PBXFrameworksBuildPhase;
			buildActionMask = 2147483647;
			files = (
			);
			runOnlyForDeploymentPostprocessing = 0;
		};
		AAE0659E41752EE23A46E116 /* Frameworks */ = {
			isa = PBXFrameworksBuildPhase;
			buildActionMask = 2147483647;
			files = (
				6C358E06453041227111399E /* Foundation.framework in Frameworks */,
			);
			runOnlyForDeploymentPostprocessing = 0;
		};
/* End PBXFrameworksBuildPhase section */

/* Begin PBXGroup section */
		2AAA9549A82FAE4ADA029ECA /* WanderbotMessages */ = {
			isa = PBXGroup;
			children = (
				439B5F2C43834DB85C91A1D5 /* MessagesViewController.swift */,
				BD5DA4C4A2CB38BC5257BA69 /* WanderbotCard.swift */,
				89819501C13F8CF7E6037BBB /* Assets.xcassets */,
				7ACB806CAB2D32BCC502154D /* Info.plist */,
				24143884FF3F3F0CEDC15433 /* TripData.swift */,
				90D7C4DD6FA5B33837F6623E /* RichCardViews.swift */,
			);
			name = WanderbotMessages;
			path = WanderbotMessages;
			sourceTree = "<group>";
		};
		2B825D28F80B2AD582CE7DB6 /* Frameworks */ = {
			isa = PBXGroup;
			children = (
				7CB0A4624F323E378792AD91 /* iOS */,
			);
			name = Frameworks;
			sourceTree = "<group>";
		};
		7CB0A4624F323E378792AD91 /* iOS */ = {
			isa = PBXGroup;
			children = (
				7E14B10E91697583F127C47B /* Foundation.framework */,
			);
			name = iOS;
			sourceTree = "<group>";
		};
		A1000030000000000000000 = {
			isa = PBXGroup;
			children = (
				A1000030000000000000001 /* Wanderbot */,
				A1000030000000000000002 /* Products */,
				2B825D28F80B2AD582CE7DB6 /* Frameworks */,
				2AAA9549A82FAE4ADA029ECA /* WanderbotMessages */,
			);
			sourceTree = "<group>";
		};
		A1000030000000000000001 /* Wanderbot */ = {
			isa = PBXGroup;
			children = (
				A1000000000000000000001 /* WanderbotApp.swift */,
				A1000000000000000000002 /* RootView.swift */,
				A1000000000000000000003 /* Theme.swift */,
				A1000030000000000000003 /* Model */,
				A1000030000000000000004 /* Views */,
				A1000000000000000000014 /* Assets.xcassets */,
				A1000030000000000000005 /* Preview Content */,
			);
			path = Wanderbot;
			sourceTree = "<group>";
		};
		A1000030000000000000002 /* Products */ = {
			isa = PBXGroup;
			children = (
				A1000000000000000000000 /* Wanderbot.app */,
				2FF1B60501B8E121AD6F6BEF /* WanderbotMessages.appex */,
			);
			name = Products;
			sourceTree = "<group>";
		};
		A1000030000000000000003 /* Model */ = {
			isa = PBXGroup;
			children = (
				A1000000000000000000004 /* Models.swift */,
				A1000000000000000000005 /* TravelStore.swift */,
				A1000000000000000000006 /* SampleData.swift */,
				A1000000000000000000012 /* BookingType+UI.swift */,
				A1000000000000000000013 /* DateFormatters.swift */,
				A1000000000000000000016 /* Config.swift */,
				A1000000000000000000017 /* FirebaseRTDB.swift */,
				A1000000000000000000018 /* GatewayClient.swift */,
				A1000000000000000000019 /* ChatStore.swift */,
				A100000000000000000001C /* MapDirections.swift */,
				A100000000000000000001E /* AuthStore.swift */,
				A1000000000000000000020 /* ConnectionsStore.swift */,
				A1000000000000000000021 /* SyncService.swift */,
				A1000000000000000000022 /* OpenClawSessionClient.swift */,
				A1000000000000000000023 /* VoiceWebSocket.swift */,
				A1000000000000000000027 /* TripAgentTools.swift */,
				A1000000000000000000028 /* XAIChatClient.swift */,
				A1000000000000000000040 /* FirebaseAuthToken.swift */,
				A1000000000000000000029 /* GmailConnector.swift */,
				A1000000000000000000030 /* BrowserConnections.swift */,
				A1000000000000000000024 /* VoiceAudioEngine.swift */,
				A1000000000000000000025 /* VoiceStore.swift */,
			);
			path = Model;
			sourceTree = "<group>";
		};
		A1000030000000000000004 /* Views */ = {
			isa = PBXGroup;
			children = (
				A1000000000000000000007 /* TopBarView.swift */,
				A1000000000000000000008 /* TripPagerView.swift */,
				A1000000000000000000009 /* TripPageView.swift */,
				A100000000000000000000A /* TripMapView.swift */,
				A100000000000000000000B /* ItineraryView.swift */,
				A100000000000000000000C /* BookingCardView.swift */,
				A100000000000000000000D /* BookingDetailSheet.swift */,
				A100000000000000000000E /* ChatSheet.swift */,
				A100000000000000000000F /* SettingsSheet.swift */,
				A1000000000000000000010 /* ConnectionsView.swift */,
				A1000000000000000000011 /* SettingsView.swift */,
				A100000000000000000001A /* FlightHeaderView.swift */,
				A100000000000000000001B /* AllTripsView.swift */,
				A100000000000000000001D /* DraggableBookingsList.swift */,
				A100000000000000000001F /* SignInGateView.swift */,
				A1000000000000000000026 /* VoiceCallView.swift */,
				A1000000000000000000031 /* RemoteBrowserView.swift */,
				A1000000000000000000041 /* WebLoginView.swift */,
			);
			path = Views;
			sourceTree = "<group>";
		};
		A1000030000000000000005 /* Preview Content */ = {
			isa = PBXGroup;
			children = (
				A1000000000000000000015 /* Preview Assets.xcassets */,
			);
			path = "Preview Content";
			sourceTree = "<group>";
		};
/* End PBXGroup section */

/* Begin PBXNativeTarget section */
		3C0EBE6471B20C113871CABF /* WanderbotMessages */ = {
			isa = PBXNativeTarget;
			buildConfigurationList = 7C79CF28BD9F252E1C7A50CF /* Build configuration list for PBXNativeTarget "WanderbotMessages" */;
			buildPhases = (
				8DB874C38F95157B4BDA1E7B /* Sources */,
				AAE0659E41752EE23A46E116 /* Frameworks */,
				4B457EFBA568D251CAC995C1 /* Resources */,
			);
			buildRules = (
			);
			dependencies = (
			);
			name = WanderbotMessages;
			productName = WanderbotMessages;
			productReference = 2FF1B60501B8E121AD6F6BEF /* WanderbotMessages.appex */;
			productType = "com.apple.product-type.app-extension.messages";
		};
		A1000040000000000000000 /* Wanderbot */ = {
			isa = PBXNativeTarget;
			buildConfigurationList = A1000050000000000000000 /* Build configuration list for PBXNativeTarget "Wanderbot" */;
			buildPhases = (
				A1000060000000000000000 /* Sources */,
				A1000020000000000000000 /* Frameworks */,
				A1000070000000000000000 /* Resources */,
				09291D0099792D393E2C3678 /* Embed App Extensions */,
			);
			buildRules = (
			);
			dependencies = (
				E0F029BC9E44C8604DDDDF73 /* PBXTargetDependency */,
			);
			name = Wanderbot;
			productName = Wanderbot;
			productReference = A1000000000000000000000 /* Wanderbot.app */;
			productType = "com.apple.product-type.application";
		};
/* End PBXNativeTarget section */

/* Begin PBXProject section */
		A1000080000000000000000 /* Project object */ = {
			isa = PBXProject;
			attributes = {
				BuildIndependentTargetsInParallel = 1;
				LastSwiftUpdateCheck = 1500;
				LastUpgradeCheck = 1500;
				TargetAttributes = {
					A1000040000000000000000 = {
						CreatedOnToolsVersion = 15.0;
					};
				};
			};
			buildConfigurationList = A1000090000000000000000 /* Build configuration list for PBXProject "Wanderbot" */;
			compatibilityVersion = "Xcode 14.0";
			developmentRegion = en;
			hasScannedForEncodings = 0;
			knownRegions = (
				en,
				Base,
			);
			mainGroup = A1000030000000000000000;
			productRefGroup = A1000030000000000000002 /* Products */;
			projectDirPath = "";
			projectRoot = "";
			targets = (
				A1000040000000000000000 /* Wanderbot */,
				3C0EBE6471B20C113871CABF /* WanderbotMessages */,
			);
		};
/* End PBXProject section */

/* Begin PBXResourcesBuildPhase section */
		4B457EFBA568D251CAC995C1 /* Resources */ = {
			isa = PBXResourcesBuildPhase;
			buildActionMask = 2147483647;
			files = (
				A5F1ED7763AC167376167EBA /* Assets.xcassets in Resources */,
			);
			runOnlyForDeploymentPostprocessing = 0;
		};
		A1000070000000000000000 /* Resources */ = {
			isa = PBXResourcesBuildPhase;
			buildActionMask = 2147483647;
			files = (
				A1000010000000000000015 /* Preview Assets.xcassets in Resources */,
				A1000010000000000000014 /* Assets.xcassets in Resources */,
			);
			runOnlyForDeploymentPostprocessing = 0;
		};
/* End PBXResourcesBuildPhase section */

/* Begin PBXSourcesBuildPhase section */
		8DB874C38F95157B4BDA1E7B /* Sources */ = {
			isa = PBXSourcesBuildPhase;
			buildActionMask = 2147483647;
			files = (
				0F9802143AA43DCAE6DD5FBC /* MessagesViewController.swift in Sources */,
				F1C6926F5DA3C12EED364E5B /* WanderbotCard.swift in Sources */,
				BCCD877B09C3D8968CDB1080 /* TripData.swift in Sources */,
				2D591FFE4A943312E6CBB089 /* RichCardViews.swift in Sources */,
				12060C05C11BB15277D002C3 /* Models.swift in Sources */,
				DF7CA050C084B564A76AA9DD /* DateFormatters.swift in Sources */,
			);
			runOnlyForDeploymentPostprocessing = 0;
		};
		A1000060000000000000000 /* Sources */ = {
			isa = PBXSourcesBuildPhase;
			buildActionMask = 2147483647;
			files = (
				A1000010000000000000001 /* WanderbotApp.swift in Sources */,
				A1000010000000000000002 /* RootView.swift in Sources */,
				A1000010000000000000003 /* Theme.swift in Sources */,
				A1000010000000000000004 /* Models.swift in Sources */,
				A1000010000000000000005 /* TravelStore.swift in Sources */,
				A1000010000000000000006 /* SampleData.swift in Sources */,
				A1000010000000000000007 /* TopBarView.swift in Sources */,
				A1000010000000000000008 /* TripPagerView.swift in Sources */,
				A1000010000000000000009 /* TripPageView.swift in Sources */,
				A100001000000000000000A /* TripMapView.swift in Sources */,
				A100001000000000000000B /* ItineraryView.swift in Sources */,
				A100001000000000000000C /* BookingCardView.swift in Sources */,
				A100001000000000000000D /* BookingDetailSheet.swift in Sources */,
				A100001000000000000000E /* ChatSheet.swift in Sources */,
				A100001000000000000000F /* SettingsSheet.swift in Sources */,
				A1000010000000000000010 /* ConnectionsView.swift in Sources */,
				A1000010000000000000011 /* SettingsView.swift in Sources */,
				A1000010000000000000012 /* BookingType+UI.swift in Sources */,
				A1000010000000000000013 /* DateFormatters.swift in Sources */,
				A1000010000000000000016 /* Config.swift in Sources */,
				A1000010000000000000017 /* FirebaseRTDB.swift in Sources */,
				A1000010000000000000018 /* GatewayClient.swift in Sources */,
				A1000010000000000000019 /* ChatStore.swift in Sources */,
				A100001000000000000001A /* FlightHeaderView.swift in Sources */,
				A100001000000000000001B /* AllTripsView.swift in Sources */,
				A100001000000000000001C /* MapDirections.swift in Sources */,
				A100001000000000000001D /* DraggableBookingsList.swift in Sources */,
				A100001000000000000001E /* AuthStore.swift in Sources */,
				A100001000000000000001F /* SignInGateView.swift in Sources */,
				A1000010000000000000020 /* ConnectionsStore.swift in Sources */,
				A1000010000000000000021 /* SyncService.swift in Sources */,
				A1000010000000000000022 /* OpenClawSessionClient.swift in Sources */,
				A1000010000000000000023 /* VoiceWebSocket.swift in Sources */,
				A1000010000000000000027 /* TripAgentTools.swift in Sources */,
				A1000010000000000000028 /* XAIChatClient.swift in Sources */,
				A1000010000000000000040 /* FirebaseAuthToken.swift in Sources */,
				A1000010000000000000029 /* GmailConnector.swift in Sources */,
				A1000010000000000000030 /* BrowserConnections.swift in Sources */,
				A1000010000000000000031 /* RemoteBrowserView.swift in Sources */,
				A1000010000000000000041 /* WebLoginView.swift in Sources */,
				A1000010000000000000024 /* VoiceAudioEngine.swift in Sources */,
				A1000010000000000000025 /* VoiceStore.swift in Sources */,
				A1000010000000000000026 /* VoiceCallView.swift in Sources */,
			);
			runOnlyForDeploymentPostprocessing = 0;
		};
/* End PBXSourcesBuildPhase section */

/* Begin PBXTargetDependency section */
		E0F029BC9E44C8604DDDDF73 /* PBXTargetDependency */ = {
			isa = PBXTargetDependency;
			name = WanderbotMessages;
			target = 3C0EBE6471B20C113871CABF /* WanderbotMessages */;
			targetProxy = BD9717F67928ABF68BA13B53 /* PBXContainerItemProxy */;
		};
/* End PBXTargetDependency section */

/* Begin XCBuildConfiguration section */
		766B868121954261433D54A6 /* Debug */ = {
			isa = XCBuildConfiguration;
			buildSettings = {
				ASSETCATALOG_COMPILER_APPICON_NAME = "iMessage App Icon";
				CLANG_ENABLE_OBJC_WEAK = NO;
				CODE_SIGN_STYLE = Automatic;
				CURRENT_PROJECT_VERSION = 38;
				DEVELOPMENT_TEAM = QN7REDCUD3;
				ENABLE_USER_SCRIPT_SANDBOXING = YES;
				GENERATE_INFOPLIST_FILE = YES;
				INFOPLIST_FILE = WanderbotMessages/Info.plist;
				IPHONEOS_DEPLOYMENT_TARGET = 17.0;
				LD_RUNPATH_SEARCH_PATHS = (
					"$(inherited)",
					"@executable_path/Frameworks",
					"@executable_path/../../Frameworks",
				);
				MARKETING_VERSION = 1.0;
				PRODUCT_BUNDLE_IDENTIFIER = com.wanderbot.Wanderbot.Messages;
				PRODUCT_NAME = "$(TARGET_NAME)";
				SDKROOT = iphoneos;
				SKIP_INSTALL = YES;
				SWIFT_EMIT_LOC_STRINGS = YES;
				SWIFT_VERSION = 5.0;
				TARGETED_DEVICE_FAMILY = "1,2";
			};
			name = Debug;
		};
		78AF79282307C60D09850A27 /* Release */ = {
			isa = XCBuildConfiguration;
			buildSettings = {
				ASSETCATALOG_COMPILER_APPICON_NAME = "iMessage App Icon";
				CLANG_ENABLE_OBJC_WEAK = NO;
				CODE_SIGN_STYLE = Automatic;
				CURRENT_PROJECT_VERSION = 38;
				DEVELOPMENT_TEAM = QN7REDCUD3;
				ENABLE_USER_SCRIPT_SANDBOXING = YES;
				GENERATE_INFOPLIST_FILE = YES;
				INFOPLIST_FILE = WanderbotMessages/Info.plist;
				IPHONEOS_DEPLOYMENT_TARGET = 17.0;
				LD_RUNPATH_SEARCH_PATHS = (
					"$(inherited)",
					"@executable_path/Frameworks",
					"@executable_path/../../Frameworks",
				);
				MARKETING_VERSION = 1.0;
				PRODUCT_BUNDLE_IDENTIFIER = com.wanderbot.Wanderbot.Messages;
				PRODUCT_NAME = "$(TARGET_NAME)";
				SDKROOT = iphoneos;
				SKIP_INSTALL = YES;
				SWIFT_EMIT_LOC_STRINGS = YES;
				SWIFT_VERSION = 5.0;
				TARGETED_DEVICE_FAMILY = "1,2";
				VALIDATE_PRODUCT = YES;
			};
			name = Release;
		};
		A10000A0000000000000000 /* Debug */ = {
			isa = XCBuildConfiguration;
			buildSettings = {
				ALWAYS_SEARCH_USER_PATHS = NO;
				ASSETCATALOG_COMPILER_GENERATE_SWIFT_ASSET_SYMBOL_EXTENSIONS = YES;
				CLANG_ANALYZER_NONNULL = YES;
				CLANG_ANALYZER_NUMBER_OBJECT_CONVERSION = YES_AGGRESSIVE;
				CLANG_CXX_LANGUAGE_STANDARD = "gnu++20";
				CLANG_ENABLE_MODULES = YES;
				CLANG_ENABLE_OBJC_ARC = YES;
				CLANG_ENABLE_OBJC_WEAK = YES;
				CLANG_WARN_BLOCK_CAPTURE_AUTORELEASING = YES;
				CLANG_WARN_BOOL_CONVERSION = YES;
				CLANG_WARN_COMMA = YES;
				CLANG_WARN_CONSTANT_CONVERSION = YES;
				CLANG_WARN_DEPRECATED_OBJC_IMPLEMENTATIONS = YES;
				CLANG_WARN_DIRECT_OBJC_ISA_USAGE = YES_ERROR;
				CLANG_WARN_DOCUMENTATION_COMMENTS = YES;
				CLANG_WARN_EMPTY_BODY = YES;
				CLANG_WARN_ENUM_CONVERSION = YES;
				CLANG_WARN_INFINITE_RECURSION = YES;
				CLANG_WARN_INT_CONVERSION = YES;
				CLANG_WARN_NON_LITERAL_NULL_CONVERSION = YES;
				CLANG_WARN_OBJC_IMPLICIT_RETAIN_SELF = YES;
				CLANG_WARN_OBJC_LITERAL_CONVERSION = YES;
				CLANG_WARN_OBJC_ROOT_CLASS = YES_ERROR;
				CLANG_WARN_QUOTED_INCLUDE_IN_FRAMEWORK_HEADER = YES;
				CLANG_WARN_RANGE_LOOP_ANALYSIS = YES;
				CLANG_WARN_STRICT_PROTOTYPES = YES;
				CLANG_WARN_SUSPICIOUS_MOVE = YES;
				CLANG_WARN_UNGUARDED_AVAILABILITY = YES_AGGRESSIVE;
				CLANG_WARN_UNREACHABLE_CODE = YES;
				CLANG_WARN__DUPLICATE_METHOD_MATCH = YES;
				COPY_PHASE_STRIP = NO;
				DEBUG_INFORMATION_FORMAT = dwarf;
				ENABLE_STRICT_OBJC_MSGSEND = YES;
				ENABLE_TESTABILITY = YES;
				ENABLE_USER_SCRIPT_SANDBOXING = YES;
				GCC_C_LANGUAGE_STANDARD = gnu17;
				GCC_DYNAMIC_NO_PIC = NO;
				GCC_NO_COMMON_BLOCKS = YES;
				GCC_OPTIMIZATION_LEVEL = 0;
				GCC_PREPROCESSOR_DEFINITIONS = (
					"DEBUG=1",
					"$(inherited)",
				);
				GCC_WARN_64_TO_32_BIT_CONVERSION = YES;
				GCC_WARN_ABOUT_RETURN_TYPE = YES_ERROR;
				GCC_WARN_UNDECLARED_SELECTOR = YES;
				GCC_WARN_UNINITIALIZED_AUTOS = YES_AGGRESSIVE;
				GCC_WARN_UNUSED_FUNCTION = YES;
				GCC_WARN_UNUSED_VARIABLE = YES;
				IPHONEOS_DEPLOYMENT_TARGET = 17.0;
				LOCALIZATION_PREFERS_STRING_CATALOGS = YES;
				MTL_ENABLE_DEBUG_INFO = INCLUDE_SOURCE;
				MTL_FAST_MATH = YES;
				ONLY_ACTIVE_ARCH = YES;
				SDKROOT = iphoneos;
				SWIFT_ACTIVE_COMPILATION_CONDITIONS = "DEBUG $(inherited)";
				SWIFT_OPTIMIZATION_LEVEL = "-Onone";
			};
			name = Debug;
		};
		A10000A0000000000000001 /* Release */ = {
			isa = XCBuildConfiguration;
			buildSettings = {
				ALWAYS_SEARCH_USER_PATHS = NO;
				ASSETCATALOG_COMPILER_GENERATE_SWIFT_ASSET_SYMBOL_EXTENSIONS = YES;
				CLANG_ANALYZER_NONNULL = YES;
				CLANG_ANALYZER_NUMBER_OBJECT_CONVERSION = YES_AGGRESSIVE;
				CLANG_CXX_LANGUAGE_STANDARD = "gnu++20";
				CLANG_ENABLE_MODULES = YES;
				CLANG_ENABLE_OBJC_ARC = YES;
				CLANG_ENABLE_OBJC_WEAK = YES;
				CLANG_WARN_BLOCK_CAPTURE_AUTORELEASING = YES;
				CLANG_WARN_BOOL_CONVERSION = YES;
				CLANG_WARN_COMMA = YES;
				CLANG_WARN_CONSTANT_CONVERSION = YES;
				CLANG_WARN_DEPRECATED_OBJC_IMPLEMENTATIONS = YES;
				CLANG_WARN_DIRECT_OBJC_ISA_USAGE = YES_ERROR;
				CLANG_WARN_DOCUMENTATION_COMMENTS = YES;
				CLANG_WARN_EMPTY_BODY = YES;
				CLANG_WARN_ENUM_CONVERSION = YES;
				CLANG_WARN_INFINITE_RECURSION = YES;
				CLANG_WARN_INT_CONVERSION = YES;
				CLANG_WARN_NON_LITERAL_NULL_CONVERSION = YES;
				CLANG_WARN_OBJC_IMPLICIT_RETAIN_SELF = YES;
				CLANG_WARN_OBJC_LITERAL_CONVERSION = YES;
				CLANG_WARN_OBJC_ROOT_CLASS = YES_ERROR;
				CLANG_WARN_QUOTED_INCLUDE_IN_FRAMEWORK_HEADER = YES;
				CLANG_WARN_RANGE_LOOP_ANALYSIS = YES;
				CLANG_WARN_STRICT_PROTOTYPES = YES;
				CLANG_WARN_SUSPICIOUS_MOVE = YES;
				CLANG_WARN_UNGUARDED_AVAILABILITY = YES_AGGRESSIVE;
				CLANG_WARN_UNREACHABLE_CODE = YES;
				CLANG_WARN__DUPLICATE_METHOD_MATCH = YES;
				COPY_PHASE_STRIP = NO;
				DEBUG_INFORMATION_FORMAT = "dwarf-with-dsym";
				ENABLE_NS_ASSERTIONS = NO;
				ENABLE_STRICT_OBJC_MSGSEND = YES;
				ENABLE_USER_SCRIPT_SANDBOXING = YES;
				GCC_C_LANGUAGE_STANDARD = gnu17;
				GCC_NO_COMMON_BLOCKS = YES;
				GCC_WARN_64_TO_32_BIT_CONVERSION = YES;
				GCC_WARN_ABOUT_RETURN_TYPE = YES_ERROR;
				GCC_WARN_UNDECLARED_SELECTOR = YES;
				GCC_WARN_UNINITIALIZED_AUTOS = YES_AGGRESSIVE;
				GCC_WARN_UNUSED_FUNCTION = YES;
				GCC_WARN_UNUSED_VARIABLE = YES;
				IPHONEOS_DEPLOYMENT_TARGET = 17.0;
				LOCALIZATION_PREFERS_STRING_CATALOGS = YES;
				MTL_ENABLE_DEBUG_INFO = NO;
				MTL_FAST_MATH = YES;
				SDKROOT = iphoneos;
				SWIFT_COMPILATION_MODE = wholemodule;
			};
			name = Release;
		};
		A10000A0000000000000002 /* Debug */ = {
			isa = XCBuildConfiguration;
			buildSettings = {
				ASSETCATALOG_COMPILER_APPICON_NAME = AppIcon;
				ASSETCATALOG_COMPILER_GLOBAL_ACCENT_COLOR_NAME = AccentColor;
				CODE_SIGN_ENTITLEMENTS = Wanderbot/Wanderbot.entitlements;
				CODE_SIGN_STYLE = Automatic;
				CURRENT_PROJECT_VERSION = 38;
				DEVELOPMENT_ASSET_PATHS = "\"Wanderbot/Preview Content\"";
				DEVELOPMENT_TEAM = QN7REDCUD3;
				ENABLE_PREVIEWS = YES;
				GENERATE_INFOPLIST_FILE = YES;
				INFOPLIST_FILE = Wanderbot/Info.plist;
				INFOPLIST_KEY_UIApplicationSceneManifest_Generation = YES;
				INFOPLIST_KEY_UIApplicationSupportsIndirectInputEvents = YES;
				INFOPLIST_KEY_UILaunchScreen_Generation = YES;
				INFOPLIST_KEY_UISupportedInterfaceOrientations_iPad = "UIInterfaceOrientationPortrait UIInterfaceOrientationPortraitUpsideDown UIInterfaceOrientationLandscapeLeft UIInterfaceOrientationLandscapeRight";
				INFOPLIST_KEY_UISupportedInterfaceOrientations_iPhone = UIInterfaceOrientationPortrait;
				LD_RUNPATH_SEARCH_PATHS = (
					"$(inherited)",
					"@executable_path/Frameworks",
				);
				MARKETING_VERSION = 1.0;
				PRODUCT_BUNDLE_IDENTIFIER = com.wanderbot.Wanderbot;
				PRODUCT_NAME = "$(TARGET_NAME)";
				SWIFT_EMIT_LOC_STRINGS = YES;
				SWIFT_VERSION = 5.0;
				TARGETED_DEVICE_FAMILY = "1,2";
			};
			name = Debug;
		};
		A10000A0000000000000003 /* Release */ = {
			isa = XCBuildConfiguration;
			buildSettings = {
				ASSETCATALOG_COMPILER_APPICON_NAME = AppIcon;
				ASSETCATALOG_COMPILER_GLOBAL_ACCENT_COLOR_NAME = AccentColor;
				CODE_SIGN_ENTITLEMENTS = Wanderbot/Wanderbot.entitlements;
				CODE_SIGN_STYLE = Automatic;
				CURRENT_PROJECT_VERSION = 38;
				DEVELOPMENT_ASSET_PATHS = "\"Wanderbot/Preview Content\"";
				DEVELOPMENT_TEAM = QN7REDCUD3;
				ENABLE_PREVIEWS = YES;
				GENERATE_INFOPLIST_FILE = YES;
				INFOPLIST_FILE = Wanderbot/Info.plist;
				INFOPLIST_KEY_UIApplicationSceneManifest_Generation = YES;
				INFOPLIST_KEY_UIApplicationSupportsIndirectInputEvents = YES;
				INFOPLIST_KEY_UILaunchScreen_Generation = YES;
				INFOPLIST_KEY_UISupportedInterfaceOrientations_iPad = "UIInterfaceOrientationPortrait UIInterfaceOrientationPortraitUpsideDown UIInterfaceOrientationLandscapeLeft UIInterfaceOrientationLandscapeRight";
				INFOPLIST_KEY_UISupportedInterfaceOrientations_iPhone = UIInterfaceOrientationPortrait;
				LD_RUNPATH_SEARCH_PATHS = (
					"$(inherited)",
					"@executable_path/Frameworks",
				);
				MARKETING_VERSION = 1.0;
				PRODUCT_BUNDLE_IDENTIFIER = com.wanderbot.Wanderbot;
				PRODUCT_NAME = "$(TARGET_NAME)";
				SWIFT_EMIT_LOC_STRINGS = YES;
				SWIFT_VERSION = 5.0;
				TARGETED_DEVICE_FAMILY = "1,2";
			};
			name = Release;
		};
/* End XCBuildConfiguration section */

/* Begin XCConfigurationList section */
		7C79CF28BD9F252E1C7A50CF /* Build configuration list for PBXNativeTarget "WanderbotMessages" */ = {
			isa = XCConfigurationList;
			buildConfigurations = (
				78AF79282307C60D09850A27 /* Release */,
				766B868121954261433D54A6 /* Debug */,
			);
			defaultConfigurationIsVisible = 0;
			defaultConfigurationName = Release;
		};
		A1000050000000000000000 /* Build configuration list for PBXNativeTarget "Wanderbot" */ = {
			isa = XCConfigurationList;
			buildConfigurations = (
				A10000A0000000000000002 /* Debug */,
				A10000A0000000000000003 /* Release */,
			);
			defaultConfigurationIsVisible = 0;
			defaultConfigurationName = Release;
		};
		A1000090000000000000000 /* Build configuration list for PBXProject "Wanderbot" */ = {
			isa = XCConfigurationList;
			buildConfigurations = (
				A10000A0000000000000000 /* Debug */,
				A10000A0000000000000001 /* Release */,
			);
			defaultConfigurationIsVisible = 0;
			defaultConfigurationName = Release;
		};
/* End XCConfigurationList section */
	};
	rootObject = A1000080000000000000000 /* Project object */;
}
